
Microsoft Visual Studio Solution File, Format Version 12.00
# Visual Studio Version 16
VisualStudioVersion = 16.0.30804.86
MinimumVisualStudioVersion = 10.0.40219.1
Project("{9A19103F-16F7-4668-BE54-9A1E7A4F7556}") = "AspNetCoreFinalApp", "AspNetCoreFinalApp\AspNetCoreFinalApp.csproj", "{376F82B5-FF84-4DAD-87DA-8E3623DB01B3}"
EndProject
Project("{9A19103F-16F7-4668-BE54-9A1E7A4F7556}") = "AspNetCoreFinalApp.Domain", "AspNetCoreFinalApp.Domain\AspNetCoreFinalApp.Domain.csproj", "{9B1BB2E0-EB38-4F91-B64C-D8351B30E305}"
EndProject
Global
	GlobalSection(SolutionConfigurationPlatforms) = preSolution
		Debug|Any CPU = Debug|Any CPU
		Release|Any CPU = Release|Any CPU
	EndGlobalSection
	GlobalSection(ProjectConfigurationPlatforms) = postSolution
		{376F82B5-FF84-4DAD-87DA-8E3623DB01B3}.Debug|Any CPU.ActiveCfg = Debug|Any CPU
		{376F82B5-FF84-4DAD-87DA-8E3623DB01B3}.Debug|Any CPU.Build.0 = Debug|Any CPU
		{376F82B5-FF84-4DAD-87DA-8E3623DB01B3}.Release|Any CPU.ActiveCfg = Release|Any CPU
		{376F82B5-FF84-4DAD-87DA-8E3623DB01B3}.Release|Any CPU.Build.0 = Release|Any CPU
		{9B1BB2E0-EB38-4F91-B64C-D8351B30E305}.Debug|Any CPU.ActiveCfg = Debug|Any CPU
		{9B1BB2E0-EB38-4F91-B64C-D8351B30E305}.Debug|Any CPU.Build.0 = Debug|Any CPU
		{9B1BB2E0-EB38-4F91-B64C-D8351B30E305}.Release|Any CPU.ActiveCfg = Release|Any CPU
		{9B1BB2E0-EB38-4F91-B64C-D8351B30E305}.Release|Any CPU.Build.0 = Release|Any CPU
	EndGlobalSection
	GlobalSection(SolutionProperties) = preSolution
		HideSolutionNode = FALSE
	EndGlobalSection
	GlobalSection(ExtensibilityGlobals) = postSolution
		SolutionGuid = {72403A9D-99B6-4684-90D1-DDDC0F36EF99}
	EndGlobalSection
EndGlobal
